
Microsoft Visual Studio Solution File, Format Version 12.00
# Visual Studio Version 16
VisualStudioVersion = 16.0.31729.503
MinimumVisualStudioVersion = 10.0.40219.1
Project("{FAE04EC0-301F-11D3-BF4B-00C04F79EFBC}") = "Reshenie 1", "Reshenie 1\Reshenie 1.csproj", "{7C015B7C-E0A3-495F-AB5A-6F301A65842A}"
EndProject
Global
	GlobalSection(SolutionConfigurationPlatforms) = preSolution
		Debug|Any CPU = Debug|Any CPU
		Release|Any CPU = Release|Any CPU
	EndGlobalSection
	GlobalSection(ProjectConfigurationPlatforms) = postSolution
		{7C015B7C-E0A3-495F-AB5A-6F301A65842A}.Debug|Any CPU.ActiveCfg = Debug|Any CPU
		{7C015B7C-E0A3-495F-AB5A-6F301A65842A}.Debug|Any CPU.Build.0 = Debug|Any CPU
		{7C015B7C-E0A3-495F-AB5A-6F301A65842A}.Release|Any CPU.ActiveCfg = Release|Any CPU
		{7C015B7C-E0A3-495F-AB5A-6F301A65842A}.Release|Any CPU.Build.0 = Release|Any CPU
	EndGlobalSection
	GlobalSection(SolutionProperties) = preSolution
		HideSolutionNode = FALSE
	EndGlobalSection
	GlobalSection(ExtensibilityGlobals) = postSolution
		SolutionGuid = {2D253F3E-1864-40FC-907E-5C3C88681C0E}
	EndGlobalSection
EndGlobal
